
Microsoft Visual Studio Solution File, Format Version 12.00
# Visual Studio Version 17
VisualStudioVersion = 17.14.36429.23
MinimumVisualStudioVersion = 10.0.40219.1
Project("{FAE04EC0-301F-11D3-BF4B-00C04F79EFBC}") = "BoletinT4_Servidores", "BoletinT4_Servidores\BoletinT4_Servidores.csproj", "{88690D4B-0466-45AE-B759-CC582CA4DEBC}"
EndProject
Global
	GlobalSection(SolutionConfigurationPlatforms) = preSolution
		Debug|Any CPU = Debug|Any CPU
		Release|Any CPU = Release|Any CPU
	EndGlobalSection
	GlobalSection(ProjectConfigurationPlatforms) = postSolution
		{88690D4B-0466-45AE-B759-CC582CA4DEBC}.Debug|Any CPU.ActiveCfg = Debug|Any CPU
		{88690D4B-0466-45AE-B759-CC582CA4DEBC}.Debug|Any CPU.Build.0 = Debug|Any CPU
		{88690D4B-0466-45AE-B759-CC582CA4DEBC}.Release|Any CPU.ActiveCfg = Release|Any CPU
		{88690D4B-0466-45AE-B759-CC582CA4DEBC}.Release|Any CPU.Build.0 = Release|Any CPU
	EndGlobalSection
	GlobalSection(SolutionProperties) = preSolution
		HideSolutionNode = FALSE
	EndGlobalSection
	GlobalSection(ExtensibilityGlobals) = postSolution
		SolutionGuid = {3F52A5CE-BDFE-41D8-A46F-6CCF96463192}
	EndGlobalSection
EndGlobal
